
Microsoft Visual Studio Solution File, Format Version 12.00
# Visual Studio Version 16
VisualStudioVersion = 16.0.34601.136
MinimumVisualStudioVersion = 10.0.40219.1
Project("{FAE04EC0-301F-11D3-BF4B-00C04F79EFBC}") = "NHP_Ls04", "NHP_Ls04\NHP_Ls04.csproj", "{9A3695EF-54BF-4E36-B354-E616B43AA95E}"
EndProject
Global
	GlobalSection(SolutionConfigurationPlatforms) = preSolution
		Debug|Any CPU = Debug|Any CPU
		Release|Any CPU = Release|Any CPU
	EndGlobalSection
	GlobalSection(ProjectConfigurationPlatforms) = postSolution
		{9A3695EF-54BF-4E36-B354-E616B43AA95E}.Debug|Any CPU.ActiveCfg = Debug|Any CPU
		{9A3695EF-54BF-4E36-B354-E616B43AA95E}.Debug|Any CPU.Build.0 = Debug|Any CPU
		{9A3695EF-54BF-4E36-B354-E616B43AA95E}.Release|Any CPU.ActiveCfg = Release|Any CPU
		{9A3695EF-54BF-4E36-B354-E616B43AA95E}.Release|Any CPU.Build.0 = Release|Any CPU
	EndGlobalSection
	GlobalSection(SolutionProperties) = preSolution
		HideSolutionNode = FALSE
	EndGlobalSection
	GlobalSection(ExtensibilityGlobals) = postSolution
		SolutionGuid = {431297FF-914E-4CFA-ADC0-21B1D61F515D}
	EndGlobalSection
EndGlobal
